{
  "nodes": {
    "flake-utils": {
      "inputs": {
        "systems": "systems"
      },
      "locked": {
        "lastModified": 1731533236,
        "narHash": "sha256-l0KFg5HjrsfsO/JpG+r7fRrqm12kzFHyUHqHCVpMMbI=",
        "owner": "numtide",
        "repo": "flake-utils",
        "rev": "11707dc2f618dd54ca8739b309ec4fc024de578b",
        "type": "github"
      },
      "original": {
        "owner": "numtide",
        "repo": "flake-utils",
        "type": "github"
      }
    },
    "nixpkgs": {
      "locked": {
        "lastModified": 1767038925,
        "narHash": "sha256-ZiN461H8qj3kzapWWLikXmj7z26cE+ArB5A5/gJbnyA=",
        "owner": "nixos",
        "repo": "nixpkgs",
        "rev": "b3e63c463300afff27cf4a1c6c81d4a6d41eb9b3",
        "type": "github"
      },
      "original": {
        "owner": "nixos",
        "repo": "nixpkgs",
        "type": "github"
      }
    },
    "ocs": {
      "flake": false,
      "locked": {
        "lastModified": 1770022002,
        "narHash": "sha256-6jKulVch7V+V48vC8jz0aHp5hIqMxDkYkpIse0+gxSY=",
        "owner": "hpc-gridware",
        "repo": "clusterscheduler",
        "rev": "4396a7185e27b4dc2aab55d866df2f5fa0d0b2f2",
        "type": "github"
      },
      "original": {
        "owner": "hpc-gridware",
        "repo": "clusterscheduler",
        "type": "github"
      }
    },
    "openpbs": {
      "flake": false,
      "locked": {
        "lastModified": 1769725171,
        "narHash": "sha256-NZoSZmcl9a/6YWHO7qRNknB6ii0JBLo5bOpHDRKeuwI=",
        "owner": "openpbs",
        "repo": "openpbs",
        "rev": "cfd431b703e8cbe3bc99db6fbbcdd970625ef032",
        "type": "github"
      },
      "original": {
        "owner": "openpbs",
        "repo": "openpbs",
        "type": "github"
      }
    },
    "restclient-cpp": {
      "flake": false,
      "locked": {
        "lastModified": 1735902176,
        "narHash": "sha256-9//KssNRD7OJFNFdXgzsu7rKP/Nlb4wtmBjfhOt2Vgw=",
        "owner": "mrtazz",
        "repo": "restclient-cpp",
        "rev": "3356f816b161279cfbe318c45cb07c07fb8de6df",
        "type": "github"
      },
      "original": {
        "owner": "mrtazz",
        "repo": "restclient-cpp",
        "type": "github"
      }
    },
    "root": {
      "inputs": {
        "flake-utils": "flake-utils",
        "nixpkgs": "nixpkgs",
        "ocs": "ocs",
        "openpbs": "openpbs",
        "restclient-cpp": "restclient-cpp"
      }
    },
    "systems": {
      "locked": {
        "lastModified": 1681028828,
        "narHash": "sha256-Vy1rq5AaRuLzOxct8nz4T6wlgyUR7zLU309k9mBC768=",
        "owner": "nix-systems",
        "repo": "default",
        "rev": "da67096a3b9bf56a91d16901293e51ba5b49a27e",
        "type": "github"
      },
      "original": {
        "owner": "nix-systems",
        "repo": "default",
        "type": "github"
      }
    }
  },
  "root": "root",
  "version": 7
}
