{
  "nodes": {
    "nixpkgs": {
      "locked": {
        "lastModified": 1762294804,
        "narHash": "sha256-wnOkQulShlpzsjuoKA/d1Q0gRwNfyEjf5NTQ3gAb6j8=",
        "owner": "nixos",
        "repo": "nixpkgs",
        "rev": "0b51bc6b8ea8508120975938d21504a1bf1c2fed",
        "type": "github"
      },
      "original": {
        "owner": "nixos",
        "repo": "nixpkgs",
        "type": "github"
      }
    },
    "restc-cpp": {
      "flake": false,
      "locked": {
        "lastModified": 1759498655,
        "narHash": "sha256-6pj8IpX+3d38Dt/PMMSDOD5otawjpYI9yXwnoc0CI/o=",
        "owner": "jgaa",
        "repo": "restc-cpp",
        "rev": "c7b58a37f7364f313140c7a4c4a1613ceb3dae18",
        "type": "github"
      },
      "original": {
        "owner": "jgaa",
        "repo": "restc-cpp",
        "type": "github"
      }
    },
    "root": {
      "inputs": {
        "nixpkgs": "nixpkgs",
        "restc-cpp": "restc-cpp"
      }
    }
  },
  "root": "root",
  "version": 7
}
