{
  "nodes": {
    "flake-utils": {
      "inputs": {
        "systems": "systems"
      },
      "locked": {
        "lastModified": 1731533236,
        "narHash": "sha256-l0KFg5HjrsfsO/JpG+r7fRrqm12kzFHyUHqHCVpMMbI=",
        "owner": "numtide",
        "repo": "flake-utils",
        "rev": "11707dc2f618dd54ca8739b309ec4fc024de578b",
        "type": "github"
      },
      "original": {
        "owner": "numtide",
        "repo": "flake-utils",
        "type": "github"
      }
    },
    "nixpkgs": {
      "locked": {
        "lastModified": 1766509261,
        "narHash": "sha256-y/ceHNAHxBqn9slsseFw1woZSzxO4VoBjCQNfEn7/lc=",
        "owner": "lisanna-dettwyler",
        "repo": "nixpkgs",
        "rev": "db75b2202096d26cc8b51f1655c82ecbaf2ad867",
        "type": "github"
      },
      "original": {
        "owner": "lisanna-dettwyler",
        "ref": "add-slurmrestd",
        "repo": "nixpkgs",
        "type": "github"
      }
    },
    "restclient-cpp": {
      "flake": false,
      "locked": {
        "lastModified": 1735902176,
        "narHash": "sha256-9//KssNRD7OJFNFdXgzsu7rKP/Nlb4wtmBjfhOt2Vgw=",
        "owner": "mrtazz",
        "repo": "restclient-cpp",
        "rev": "3356f816b161279cfbe318c45cb07c07fb8de6df",
        "type": "github"
      },
      "original": {
        "owner": "mrtazz",
        "repo": "restclient-cpp",
        "type": "github"
      }
    },
    "root": {
      "inputs": {
        "flake-utils": "flake-utils",
        "nixpkgs": "nixpkgs",
        "restclient-cpp": "restclient-cpp"
      }
    },
    "systems": {
      "locked": {
        "lastModified": 1681028828,
        "narHash": "sha256-Vy1rq5AaRuLzOxct8nz4T6wlgyUR7zLU309k9mBC768=",
        "owner": "nix-systems",
        "repo": "default",
        "rev": "da67096a3b9bf56a91d16901293e51ba5b49a27e",
        "type": "github"
      },
      "original": {
        "owner": "nix-systems",
        "repo": "default",
        "type": "github"
      }
    }
  },
  "root": "root",
  "version": 7
}
